// !$*UTF8*$!
{
	archiveVersion = 1;
	classes = {
	};
	objectVersion = 77;
	objects = {

/* Begin PBXBuildFile section */
		550DCDD22CB73F9900F86C1C /* wearbear Watch App.app in Embed Watch Content */ = {isa = PBXBuildFile; fileRef = 550DCDD12CB73F9900F86C1C /* wearbear Watch App.app */; settings = {ATTRIBUTES = (RemoveHeadersOnCopy, ); }; };
/* End PBXBuildFile section */

/* Begin PBXContainerItemProxy section */
		550DCDD32CB73F9900F86C1C /* PBXContainerItemProxy */ = {
			isa = PBXContainerItemProxy;
			containerPortal = 550DCDC52CB73F9900F86C1C /* Project object */;
			proxyType = 1;
			remoteGlobalIDString = 550DCDD02CB73F9900F86C1C;
			remoteInfo = "wearbear Watch App";
		};
		550DCDE42CB73F9C00F86C1C /* PBXContainerItemProxy */ = {
			isa = PBXContainerItemProxy;
			containerPortal = 550DCDC52CB73F9900F86C1C /* Project object */;
			proxyType = 1;
			remoteGlobalIDString = 550DCDD02CB73F9900F86C1C;
			remoteInfo = "wearbear Watch App";
		};
		550DCDEE2CB73F9C00F86C1C /* PBXContainerItemProxy */ = {
			isa = PBXContainerItemProxy;
			containerPortal = 550DCDC52CB73F9900F86C1C /* Project object */;
			proxyType = 1;
			remoteGlobalIDString = 550DCDD02CB73F9900F86C1C;
			remoteInfo = "wearbear Watch App";
		};
/* End PBXContainerItemProxy section */

/* Begin PBXCopyFilesBuildPhase section */
		550DCDFA2CB73F9C00F86C1C /* Embed Watch Content */ = {
			isa = PBXCopyFilesBuildPhase;
			buildActionMask = 2147483647;
			dstPath = "$(CONTENTS_FOLDER_PATH)/Watch";
			dstSubfolderSpec = 16;
			files = (
				550DCDD22CB73F9900F86C1C /* wearbear Watch App.app in Embed Watch Content */,
			);
			name = "Embed Watch Content";
			runOnlyForDeploymentPostprocessing = 0;
		};
/* End PBXCopyFilesBuildPhase section */

/* Begin PBXFileReference section */
		550DCDCB2CB73F9900F86C1C /* wearbear.app */ = {isa = PBXFileReference; explicitFileType = wrapper.application; includeInIndex = 0; path = wearbear.app; sourceTree = BUILT_PRODUCTS_DIR; };
		550DCDD12CB73F9900F86C1C /* wearbear Watch App.app */ = {isa = PBXFileReference; explicitFileType = wrapper.application; includeInIndex = 0; path = "wearbear Watch App.app"; sourceTree = BUILT_PRODUCTS_DIR; };
		550DCDE32CB73F9C00F86C1C /* wearbear Watch AppTests.xctest */ = {isa = PBXFileReference; explicitFileType = wrapper.cfbundle; includeInIndex = 0; path = "wearbear Watch AppTests.xctest"; sourceTree = BUILT_PRODUCTS_DIR; };
		550DCDED2CB73F9C00F86C1C /* wearbear Watch AppUITests.xctest */ = {isa = PBXFileReference; explicitFileType = wrapper.cfbundle; includeInIndex = 0; path = "wearbear Watch AppUITests.xctest"; sourceTree = BUILT_PRODUCTS_DIR; };
/* End PBXFileReference section */

/* Begin PBXFileSystemSynchronizedRootGroup section */
		550DCDD52CB73F9900F86C1C /* wearbear Watch App */ = {
			isa = PBXFileSystemSynchronizedRootGroup;
			path = "wearbear Watch App";
			sourceTree = "<group>";
		};
		550DCDE62CB73F9C00F86C1C /* wearbear Watch AppTests */ = {
			isa = PBXFileSystemSynchronizedRootGroup;
			path = "wearbear Watch AppTests";
			sourceTree = "<group>";
		};
		550DCDF02CB73F9C00F86C1C /* wearbear Watch AppUITests */ = {
			isa = PBXFileSystemSynchronizedRootGroup;
			path = "wearbear Watch AppUITests";
			sourceTree = "<group>";
		};
/* End PBXFileSystemSynchronizedRootGroup section */

/* Begin PBXFrameworksBuildPhase section */
		550DCDCE2CB73F9900F86C1C /* Frameworks */ = {
			isa = PBXFrameworksBuildPhase;
			buildActionMask = 2147483647;
			files = (
			);
			runOnlyForDeploymentPostprocessing = 0;
		};
		550DCDE02CB73F9C00F86C1C /* Frameworks */ = {
			isa = PBXFrameworksBuildPhase;
			buildActionMask = 2147483647;
			files = (
			);
			runOnlyForDeploymentPostprocessing = 0;
		};
		550DCDEA2CB73F9C00F86C1C /* Frameworks */ = {
			isa = PBXFrameworksBuildPhase;
			buildActionMask = 2147483647;
			files = (
			);
			runOnlyForDeploymentPostprocessing = 0;
		};
/* End PBXFrameworksBuildPhase section */

/* Begin PBXGroup section */
		550DCDC42CB73F9900F86C1C = {
			isa = PBXGroup;
			children = (
				550DCDD52CB73F9900F86C1C /* wearbear Watch App */,
				550DCDE62CB73F9C00F86C1C /* wearbear Watch AppTests */,
				550DCDF02CB73F9C00F86C1C /* wearbear Watch AppUITests */,
				550DCDCC2CB73F9900F86C1C /* Products */,
			);
			sourceTree = "<group>";
		};
		550DCDCC2CB73F9900F86C1C /* Products */ = {
			isa = PBXGroup;
			children = (
				550DCDCB2CB73F9900F86C1C /* wearbear.app */,
				550DCDD12CB73F9900F86C1C /* wearbear Watch App.app */,
				550DCDE32CB73F9C00F86C1C /* wearbear Watch AppTests.xctest */,
				550DCDED2CB73F9C00F86C1C /* wearbear Watch AppUITests.xctest */,
			);
			name = Products;
			sourceTree = "<group>";
		};
/* End PBXGroup section */

/* Begin PBXNativeTarget section */
		550DCDCA2CB73F9900F86C1C /* wearbear */ = {
			isa = PBXNativeTarget;
			buildConfigurationList = 550DCDFB2CB73F9C00F86C1C /* Build configuration list for PBXNativeTarget "wearbear" */;
			buildPhases = (
				550DCDC92CB73F9900F86C1C /* Resources */,
				550DCDFA2CB73F9C00F86C1C /* Embed Watch Content */,
			);
			buildRules = (
			);
			dependencies = (
				550DCDD42CB73F9900F86C1C /* PBXTargetDependency */,
			);
			name = wearbear;
			packageProductDependencies = (
			);
			productName = wearbear;
			productReference = 550DCDCB2CB73F9900F86C1C /* wearbear.app */;
			productType = "com.apple.product-type.application.watchapp2-container";
		};
		550DCDD02CB73F9900F86C1C /* wearbear Watch App */ = {
			isa = PBXNativeTarget;
			buildConfigurationList = 550DCDF72CB73F9C00F86C1C /* Build configuration list for PBXNativeTarget "wearbear Watch App" */;
			buildPhases = (
				550DCDCD2CB73F9900F86C1C /* Sources */,
				550DCDCE2CB73F9900F86C1C /* Frameworks */,
				550DCDCF2CB73F9900F86C1C /* Resources */,
			);
			buildRules = (
			);
			dependencies = (
			);
			fileSystemSynchronizedGroups = (
				550DCDD52CB73F9900F86C1C /* wearbear Watch App */,
			);
			name = "wearbear Watch App";
			packageProductDependencies = (
			);
			productName = "wearbear Watch App";
			productReference = 550DCDD12CB73F9900F86C1C /* wearbear Watch App.app */;
			productType = "com.apple.product-type.application";
		};
		550DCDE22CB73F9C00F86C1C /* wearbear Watch AppTests */ = {
			isa = PBXNativeTarget;
			buildConfigurationList = 550DCDFE2CB73F9C00F86C1C /* Build configuration list for PBXNativeTarget "wearbear Watch AppTests" */;
			buildPhases = (
				550DCDDF2CB73F9C00F86C1C /* Sources */,
				550DCDE02CB73F9C00F86C1C /* Frameworks */,
				550DCDE12CB73F9C00F86C1C /* Resources */,
			);
			buildRules = (
			);
			dependencies = (
				550DCDE52CB73F9C00F86C1C /* PBXTargetDependency */,
			);
			fileSystemSynchronizedGroups = (
				550DCDE62CB73F9C00F86C1C /* wearbear Watch AppTests */,
			);
			name = "wearbear Watch AppTests";
			packageProductDependencies = (
			);
			productName = "wearbear Watch AppTests";
			productReference = 550DCDE32CB73F9C00F86C1C /* wearbear Watch AppTests.xctest */;
			productType = "com.apple.product-type.bundle.unit-test";
		};
		550DCDEC2CB73F9C00F86C1C /* wearbear Watch AppUITests */ = {
			isa = PBXNativeTarget;
			buildConfigurationList = 550DCE012CB73F9C00F86C1C /* Build configuration list for PBXNativeTarget "wearbear Watch AppUITests" */;
			buildPhases = (
				550DCDE92CB73F9C00F86C1C /* Sources */,
				550DCDEA2CB73F9C00F86C1C /* Frameworks */,
				550DCDEB2CB73F9C00F86C1C /* Resources */,
			);
			buildRules = (
			);
			dependencies = (
				550DCDEF2CB73F9C00F86C1C /* PBXTargetDependency */,
			);
			fileSystemSynchronizedGroups = (
				550DCDF02CB73F9C00F86C1C /* wearbear Watch AppUITests */,
			);
			name = "wearbear Watch AppUITests";
			packageProductDependencies = (
			);
			productName = "wearbear Watch AppUITests";
			productReference = 550DCDED2CB73F9C00F86C1C /* wearbear Watch AppUITests.xctest */;
			productType = "com.apple.product-type.bundle.ui-testing";
		};
/* End PBXNativeTarget section */

/* Begin PBXProject section */
		550DCDC52CB73F9900F86C1C /* Project object */ = {
			isa = PBXProject;
			attributes = {
				BuildIndependentTargetsInParallel = 1;
				LastSwiftUpdateCheck = 1600;
				LastUpgradeCheck = 1600;
				TargetAttributes = {
					550DCDCA2CB73F9900F86C1C = {
						CreatedOnToolsVersion = 16.0;
					};
					550DCDD02CB73F9900F86C1C = {
						CreatedOnToolsVersion = 16.0;
					};
					550DCDE22CB73F9C00F86C1C = {
						CreatedOnToolsVersion = 16.0;
						TestTargetID = 550DCDD02CB73F9900F86C1C;
					};
					550DCDEC2CB73F9C00F86C1C = {
						CreatedOnToolsVersion = 16.0;
						TestTargetID = 550DCDD02CB73F9900F86C1C;
					};
				};
			};
			buildConfigurationList = 550DCDC82CB73F9900F86C1C /* Build configuration list for PBXProject "wearbear" */;
			developmentRegion = en;
			hasScannedForEncodings = 0;
			knownRegions = (
				en,
				Base,
			);
			mainGroup = 550DCDC42CB73F9900F86C1C;
			minimizedProjectReferenceProxies = 1;
			preferredProjectObjectVersion = 77;
			productRefGroup = 550DCDCC2CB73F9900F86C1C /* Products */;
			projectDirPath = "";
			projectRoot = "";
			targets = (
				550DCDCA2CB73F9900F86C1C /* wearbear */,
				550DCDD02CB73F9900F86C1C /* wearbear Watch App */,
				550DCDE22CB73F9C00F86C1C /* wearbear Watch AppTests */,
				550DCDEC2CB73F9C00F86C1C /* wearbear Watch AppUITests */,
			);
		};
/* End PBXProject section */

/* Begin PBXResourcesBuildPhase section */
		550DCDC92CB73F9900F86C1C /* Resources */ = {
			isa = PBXResourcesBuildPhase;
			buildActionMask = 2147483647;
			files = (
			);
			runOnlyForDeploymentPostprocessing = 0;
		};
		550DCDCF2CB73F9900F86C1C /* Resources */ = {
			isa = PBXResourcesBuildPhase;
			buildActionMask = 2147483647;
			files = (
			);
			runOnlyForDeploymentPostprocessing = 0;
		};
		550DCDE12CB73F9C00F86C1C /* Resources */ = {
			isa = PBXResourcesBuildPhase;
			buildActionMask = 2147483647;
			files = (
			);
			runOnlyForDeploymentPostprocessing = 0;
		};
		550DCDEB2CB73F9C00F86C1C /* Resources */ = {
			isa = PBXResourcesBuildPhase;
			buildActionMask = 2147483647;
			files = (
			);
			runOnlyForDeploymentPostprocessing = 0;
		};
/* End PBXResourcesBuildPhase section */

/* Begin PBXSourcesBuildPhase section */
		550DCDCD2CB73F9900F86C1C /* Sources */ = {
			isa = PBXSourcesBuildPhase;
			buildActionMask = 2147483647;
			files = (
			);
			runOnlyForDeploymentPostprocessing = 0;
		};
		550DCDDF2CB73F9C00F86C1C /* Sources */ = {
			isa = PBXSourcesBuildPhase;
			buildActionMask = 2147483647;
			files = (
			);
			runOnlyForDeploymentPostprocessing = 0;
		};
		550DCDE92CB73F9C00F86C1C /* Sources */ = {
			isa = PBXSourcesBuildPhase;
			buildActionMask = 2147483647;
			files = (
			);
			runOnlyForDeploymentPostprocessing = 0;
		};
/* End PBXSourcesBuildPhase section */

/* Begin PBXTargetDependency section */
		550DCDD42CB73F9900F86C1C /* PBXTargetDependency */ = {
			isa = PBXTargetDependency;
			target = 550DCDD02CB73F9900F86C1C /* wearbear Watch App */;
			targetProxy = 550DCDD32CB73F9900F86C1C /* PBXContainerItemProxy */;
		};
		550DCDE52CB73F9C00F86C1C /* PBXTargetDependency */ = {
			isa = PBXTargetDependency;
			target = 550DCDD02CB73F9900F86C1C /* wearbear Watch App */;
			targetProxy = 550DCDE42CB73F9C00F86C1C /* PBXContainerItemProxy */;
		};
		550DCDEF2CB73F9C00F86C1C /* PBXTargetDependency */ = {
			isa = PBXTargetDependency;
			target = 550DCDD02CB73F9900F86C1C /* wearbear Watch App */;
			targetProxy = 550DCDEE2CB73F9C00F86C1C /* PBXContainerItemProxy */;
		};
/* End PBXTargetDependency section */

/* Begin XCBuildConfiguration section */
		550DCDF52CB73F9C00F86C1C /* Debug */ = {
			isa = XCBuildConfiguration;
			buildSettings = {
				ALWAYS_SEARCH_USER_PATHS = NO;
				ASSETCATALOG_COMPILER_GENERATE_SWIFT_ASSET_SYMBOL_EXTENSIONS = YES;
				CLANG_ANALYZER_NONNULL = YES;
				CLANG_ANALYZER_NUMBER_OBJECT_CONVERSION = YES_AGGRESSIVE;
				CLANG_CXX_LANGUAGE_STANDARD = "gnu++20";
				CLANG_ENABLE_MODULES = YES;
				CLANG_ENABLE_OBJC_ARC = YES;
				CLANG_ENABLE_OBJC_WEAK = YES;
				CLANG_WARN_BLOCK_CAPTURE_AUTORELEASING = YES;
				CLANG_WARN_BOOL_CONVERSION = YES;
				CLANG_WARN_COMMA = YES;
				CLANG_WARN_CONSTANT_CONVERSION = YES;
				CLANG_WARN_DEPRECATED_OBJC_IMPLEMENTATIONS = YES;
				CLANG_WARN_DIRECT_OBJC_ISA_USAGE = YES_ERROR;
				CLANG_WARN_DOCUMENTATION_COMMENTS = YES;
				CLANG_WARN_EMPTY_BODY = YES;
				CLANG_WARN_ENUM_CONVERSION = YES;
				CLANG_WARN_INFINITE_RECURSION = YES;
				CLANG_WARN_INT_CONVERSION = YES;
				CLANG_WARN_NON_LITERAL_NULL_CONVERSION = YES;
				CLANG_WARN_OBJC_IMPLICIT_RETAIN_SELF = YES;
				CLANG_WARN_OBJC_LITERAL_CONVERSION = YES;
				CLANG_WARN_OBJC_ROOT_CLASS = YES_ERROR;
				CLANG_WARN_QUOTED_INCLUDE_IN_FRAMEWORK_HEADER = YES;
				CLANG_WARN_RANGE_LOOP_ANALYSIS = YES;
				CLANG_WARN_STRICT_PROTOTYPES = YES;
				CLANG_WARN_SUSPICIOUS_MOVE = YES;
				CLANG_WARN_UNGUARDED_AVAILABILITY = YES_AGGRESSIVE;
				CLANG_WARN_UNREACHABLE_CODE = YES;
				CLANG_WARN__DUPLICATE_METHOD_MATCH = YES;
				COPY_PHASE_STRIP = NO;
				DEBUG_INFORMATION_FORMAT = dwarf;
				ENABLE_STRICT_OBJC_MSGSEND = YES;
				ENABLE_TESTABILITY = YES;
				ENABLE_USER_SCRIPT_SANDBOXING = YES;
				GCC_C_LANGUAGE_STANDARD = gnu17;
				GCC_DYNAMIC_NO_PIC = NO;
				GCC_NO_COMMON_BLOCKS = YES;
				GCC_OPTIMIZATION_LEVEL = 0;
				GCC_PREPROCESSOR_DEFINITIONS = (
					"DEBUG=1",
					"$(inherited)",
				);
				GCC_WARN_64_TO_32_BIT_CONVERSION = YES;
				GCC_WARN_ABOUT_RETURN_TYPE = YES_ERROR;
				GCC_WARN_UNDECLARED_SELECTOR = YES;
				GCC_WARN_UNINITIALIZED_AUTOS = YES_AGGRESSIVE;
				GCC_WARN_UNUSED_FUNCTION = YES;
				GCC_WARN_UNUSED_VARIABLE = YES;
				LOCALIZATION_PREFERS_STRING_CATALOGS = YES;
				MTL_ENABLE_DEBUG_INFO = INCLUDE_SOURCE;
				MTL_FAST_MATH = YES;
				ONLY_ACTIVE_ARCH = YES;
				SWIFT_ACTIVE_COMPILATION_CONDITIONS = "DEBUG $(inherited)";
				SWIFT_OPTIMIZATION_LEVEL = "-Onone";
			};
			name = Debug;
		};
		550DCDF62CB73F9C00F86C1C /* Release */ = {
			isa = XCBuildConfiguration;
			buildSettings = {
				ALWAYS_SEARCH_USER_PATHS = NO;
				ASSETCATALOG_COMPILER_GENERATE_SWIFT_ASSET_SYMBOL_EXTENSIONS = YES;
				CLANG_ANALYZER_NONNULL = YES;
				CLANG_ANALYZER_NUMBER_OBJECT_CONVERSION = YES_AGGRESSIVE;
				CLANG_CXX_LANGUAGE_STANDARD = "gnu++20";
				CLANG_ENABLE_MODULES = YES;
				CLANG_ENABLE_OBJC_ARC = YES;
				CLANG_ENABLE_OBJC_WEAK = YES;
				CLANG_WARN_BLOCK_CAPTURE_AUTORELEASING = YES;
				CLANG_WARN_BOOL_CONVERSION = YES;
				CLANG_WARN_COMMA = YES;
				CLANG_WARN_CONSTANT_CONVERSION = YES;
				CLANG_WARN_DEPRECATED_OBJC_IMPLEMENTATIONS = YES;
				CLANG_WARN_DIRECT_OBJC_ISA_USAGE = YES_ERROR;
				CLANG_WARN_DOCUMENTATION_COMMENTS = YES;
				CLANG_WARN_EMPTY_BODY = YES;
				CLANG_WARN_ENUM_CONVERSION = YES;
				CLANG_WARN_INFINITE_RECURSION = YES;
				CLANG_WARN_INT_CONVERSION = YES;
				CLANG_WARN_NON_LITERAL_NULL_CONVERSION = YES;
				CLANG_WARN_OBJC_IMPLICIT_RETAIN_SELF = YES;
				CLANG_WARN_OBJC_LITERAL_CONVERSION = YES;
				CLANG_WARN_OBJC_ROOT_CLASS = YES_ERROR;
				CLANG_WARN_QUOTED_INCLUDE_IN_FRAMEWORK_HEADER = YES;
				CLANG_WARN_RANGE_LOOP_ANALYSIS = YES;
				CLANG_WARN_STRICT_PROTOTYPES = YES;
				CLANG_WARN_SUSPICIOUS_MOVE = YES;
				CLANG_WARN_UNGUARDED_AVAILABILITY = YES_AGGRESSIVE;
				CLANG_WARN_UNREACHABLE_CODE = YES;
				CLANG_WARN__DUPLICATE_METHOD_MATCH = YES;
				COPY_PHASE_STRIP = NO;
				DEBUG_INFORMATION_FORMAT = "dwarf-with-dsym";
				ENABLE_NS_ASSERTIONS = NO;
				ENABLE_STRICT_OBJC_MSGSEND = YES;
				ENABLE_USER_SCRIPT_SANDBOXING = YES;
				GCC_C_LANGUAGE_STANDARD = gnu17;
				GCC_NO_COMMON_BLOCKS = YES;
				GCC_WARN_64_TO_32_BIT_CONVERSION = YES;
				GCC_WARN_ABOUT_RETURN_TYPE = YES_ERROR;
				GCC_WARN_UNDECLARED_SELECTOR = YES;
				GCC_WARN_UNINITIALIZED_AUTOS = YES_AGGRESSIVE;
				GCC_WARN_UNUSED_FUNCTION = YES;
				GCC_WARN_UNUSED_VARIABLE = YES;
				LOCALIZATION_PREFERS_STRING_CATALOGS = YES;
				MTL_ENABLE_DEBUG_INFO = NO;
				MTL_FAST_MATH = YES;
				SWIFT_COMPILATION_MODE = wholemodule;
			};
			name = Release;
		};
		550DCDF82CB73F9C00F86C1C /* Debug */ = {
			isa = XCBuildConfiguration;
			buildSettings = {
				ASSETCATALOG_COMPILER_APPICON_NAME = AppIcon;
				ASSETCATALOG_COMPILER_GLOBAL_ACCENT_COLOR_NAME = AccentColor;
				CODE_SIGN_STYLE = Automatic;
				CURRENT_PROJECT_VERSION = 1;
				DEVELOPMENT_ASSET_PATHS = "\"wearbear Watch App/Preview Content\"";
				DEVELOPMENT_TEAM = J45U97Y9WA;
				ENABLE_PREVIEWS = YES;
				GENERATE_INFOPLIST_FILE = YES;
				INFOPLIST_KEY_CFBundleDisplayName = wearbear;
				INFOPLIST_KEY_UISupportedInterfaceOrientations = "UIInterfaceOrientationPortrait UIInterfaceOrientationPortraitUpsideDown";
				INFOPLIST_KEY_WKWatchOnly = YES;
				LD_RUNPATH_SEARCH_PATHS = (
					"$(inherited)",
					"@executable_path/Frameworks",
				);
				MARKETING_VERSION = 1.0;
				PRODUCT_BUNDLE_IDENTIFIER = com.example.wearbear.watchkitapp;
				PRODUCT_NAME = "$(TARGET_NAME)";
				SDKROOT = watchos;
				SKIP_INSTALL = YES;
				SWIFT_EMIT_LOC_STRINGS = YES;
				SWIFT_VERSION = 5.0;
				TARGETED_DEVICE_FAMILY = 4;
				WATCHOS_DEPLOYMENT_TARGET = 11.0;
			};
			name = Debug;
		};
		550DCDF92CB73F9C00F86C1C /* Release */ = {
			isa = XCBuildConfiguration;
			buildSettings = {
				ASSETCATALOG_COMPILER_APPICON_NAME = AppIcon;
				ASSETCATALOG_COMPILER_GLOBAL_ACCENT_COLOR_NAME = AccentColor;
				CODE_SIGN_STYLE = Automatic;
				CURRENT_PROJECT_VERSION = 1;
				DEVELOPMENT_ASSET_PATHS = "\"wearbear Watch App/Preview Content\"";
				DEVELOPMENT_TEAM = J45U97Y9WA;
				ENABLE_PREVIEWS = YES;
				GENERATE_INFOPLIST_FILE = YES;
				INFOPLIST_KEY_CFBundleDisplayName = wearbear;
				INFOPLIST_KEY_UISupportedInterfaceOrientations = "UIInterfaceOrientationPortrait UIInterfaceOrientationPortraitUpsideDown";
				INFOPLIST_KEY_WKWatchOnly = YES;
				LD_RUNPATH_SEARCH_PATHS = (
					"$(inherited)",
					"@executable_path/Frameworks",
				);
				MARKETING_VERSION = 1.0;
				PRODUCT_BUNDLE_IDENTIFIER = com.example.wearbear.watchkitapp;
				PRODUCT_NAME = "$(TARGET_NAME)";
				SDKROOT = watchos;
				SKIP_INSTALL = YES;
				SWIFT_EMIT_LOC_STRINGS = YES;
				SWIFT_VERSION = 5.0;
				TARGETED_DEVICE_FAMILY = 4;
				VALIDATE_PRODUCT = YES;
				WATCHOS_DEPLOYMENT_TARGET = 11.0;
			};
			name = Release;
		};
		550DCDFC2CB73F9C00F86C1C /* Debug */ = {
			isa = XCBuildConfiguration;
			buildSettings = {
				CODE_SIGN_STYLE = Automatic;
				CURRENT_PROJECT_VERSION = 1;
				DEVELOPMENT_TEAM = J45U97Y9WA;
				INFOPLIST_KEY_CFBundleDisplayName = wearbear;
				MARKETING_VERSION = 1.0;
				PRODUCT_BUNDLE_IDENTIFIER = com.example.wearbear;
				PRODUCT_NAME = "$(TARGET_NAME)";
				SDKROOT = iphoneos;
				SWIFT_VERSION = 5.0;
			};
			name = Debug;
		};
		550DCDFD2CB73F9C00F86C1C /* Release */ = {
			isa = XCBuildConfiguration;
			buildSettings = {
				CODE_SIGN_STYLE = Automatic;
				CURRENT_PROJECT_VERSION = 1;
				DEVELOPMENT_TEAM = J45U97Y9WA;
				INFOPLIST_KEY_CFBundleDisplayName = wearbear;
				MARKETING_VERSION = 1.0;
				PRODUCT_BUNDLE_IDENTIFIER = com.example.wearbear;
				PRODUCT_NAME = "$(TARGET_NAME)";
				SDKROOT = iphoneos;
				SWIFT_VERSION = 5.0;
				VALIDATE_PRODUCT = YES;
			};
			name = Release;
		};
		550DCDFF2CB73F9C00F86C1C /* Debug */ = {
			isa = XCBuildConfiguration;
			buildSettings = {
				BUNDLE_LOADER = "$(TEST_HOST)";
				CODE_SIGN_STYLE = Automatic;
				CURRENT_PROJECT_VERSION = 1;
				DEVELOPMENT_TEAM = J45U97Y9WA;
				GENERATE_INFOPLIST_FILE = YES;
				MARKETING_VERSION = 1.0;
				PRODUCT_BUNDLE_IDENTIFIER = "com.example.wearbear-Watch-AppTests";
				PRODUCT_NAME = "$(TARGET_NAME)";
				SDKROOT = watchos;
				SWIFT_EMIT_LOC_STRINGS = NO;
				SWIFT_VERSION = 5.0;
				TARGETED_DEVICE_FAMILY = 4;
				TEST_HOST = "$(BUILT_PRODUCTS_DIR)/wearbear Watch App.app/$(BUNDLE_EXECUTABLE_FOLDER_PATH)/wearbear Watch App";
				WATCHOS_DEPLOYMENT_TARGET = 11.0;
			};
			name = Debug;
		};
		550DCE002CB73F9C00F86C1C /* Release */ = {
			isa = XCBuildConfiguration;
			buildSettings = {
				BUNDLE_LOADER = "$(TEST_HOST)";
				CODE_SIGN_STYLE = Automatic;
				CURRENT_PROJECT_VERSION = 1;
				DEVELOPMENT_TEAM = J45U97Y9WA;
				GENERATE_INFOPLIST_FILE = YES;
				MARKETING_VERSION = 1.0;
				PRODUCT_BUNDLE_IDENTIFIER = "com.example.wearbear-Watch-AppTests";
				PRODUCT_NAME = "$(TARGET_NAME)";
				SDKROOT = watchos;
				SWIFT_EMIT_LOC_STRINGS = NO;
				SWIFT_VERSION = 5.0;
				TARGETED_DEVICE_FAMILY = 4;
				TEST_HOST = "$(BUILT_PRODUCTS_DIR)/wearbear Watch App.app/$(BUNDLE_EXECUTABLE_FOLDER_PATH)/wearbear Watch App";
				VALIDATE_PRODUCT = YES;
				WATCHOS_DEPLOYMENT_TARGET = 11.0;
			};
			name = Release;
		};
		550DCE022CB73F9C00F86C1C /* Debug */ = {
			isa = XCBuildConfiguration;
			buildSettings = {
				CODE_SIGN_STYLE = Automatic;
				CURRENT_PROJECT_VERSION = 1;
				DEVELOPMENT_TEAM = J45U97Y9WA;
				GENERATE_INFOPLIST_FILE = YES;
				MARKETING_VERSION = 1.0;
				PRODUCT_BUNDLE_IDENTIFIER = "com.example.wearbear-Watch-AppUITests";
				PRODUCT_NAME = "$(TARGET_NAME)";
				SDKROOT = watchos;
				SWIFT_EMIT_LOC_STRINGS = NO;
				SWIFT_VERSION = 5.0;
				TARGETED_DEVICE_FAMILY = 4;
				TEST_TARGET_NAME = "wearbear Watch App";
				WATCHOS_DEPLOYMENT_TARGET = 11.0;
			};
			name = Debug;
		};
		550DCE032CB73F9C00F86C1C /* Release */ = {
			isa = XCBuildConfiguration;
			buildSettings = {
				CODE_SIGN_STYLE = Automatic;
				CURRENT_PROJECT_VERSION = 1;
				DEVELOPMENT_TEAM = J45U97Y9WA;
				GENERATE_INFOPLIST_FILE = YES;
				MARKETING_VERSION = 1.0;
				PRODUCT_BUNDLE_IDENTIFIER = "com.example.wearbear-Watch-AppUITests";
				PRODUCT_NAME = "$(TARGET_NAME)";
				SDKROOT = watchos;
				SWIFT_EMIT_LOC_STRINGS = NO;
				SWIFT_VERSION = 5.0;
				TARGETED_DEVICE_FAMILY = 4;
				TEST_TARGET_NAME = "wearbear Watch App";
				VALIDATE_PRODUCT = YES;
				WATCHOS_DEPLOYMENT_TARGET = 11.0;
			};
			name = Release;
		};
/* End XCBuildConfiguration section */

/* Begin XCConfigurationList section */
		550DCDC82CB73F9900F86C1C /* Build configuration list for PBXProject "wearbear" */ = {
			isa = XCConfigurationList;
			buildConfigurations = (
				550DCDF52CB73F9C00F86C1C /* Debug */,
				550DCDF62CB73F9C00F86C1C /* Release */,
			);
			defaultConfigurationIsVisible = 0;
			defaultConfigurationName = Release;
		};
		550DCDF72CB73F9C00F86C1C /* Build configuration list for PBXNativeTarget "wearbear Watch App" */ = {
			isa = XCConfigurationList;
			buildConfigurations = (
				550DCDF82CB73F9C00F86C1C /* Debug */,
				550DCDF92CB73F9C00F86C1C /* Release */,
			);
			defaultConfigurationIsVisible = 0;
			defaultConfigurationName = Release;
		};
		550DCDFB2CB73F9C00F86C1C /* Build configuration list for PBXNativeTarget "wearbear" */ = {
			isa = XCConfigurationList;
			buildConfigurations = (
				550DCDFC2CB73F9C00F86C1C /* Debug */,
				550DCDFD2CB73F9C00F86C1C /* Release */,
			);
			defaultConfigurationIsVisible = 0;
			defaultConfigurationName = Release;
		};
		550DCDFE2CB73F9C00F86C1C /* Build configuration list for PBXNativeTarget "wearbear Watch AppTests" */ = {
			isa = XCConfigurationList;
			buildConfigurations = (
				550DCDFF2CB73F9C00F86C1C /* Debug */,
				550DCE002CB73F9C00F86C1C /* Release */,
			);
			defaultConfigurationIsVisible = 0;
			defaultConfigurationName = Release;
		};
		550DCE012CB73F9C00F86C1C /* Build configuration list for PBXNativeTarget "wearbear Watch AppUITests" */ = {
			isa = XCConfigurationList;
			buildConfigurations = (
				550DCE022CB73F9C00F86C1C /* Debug */,
				550DCE032CB73F9C00F86C1C /* Release */,
			);
			defaultConfigurationIsVisible = 0;
			defaultConfigurationName = Release;
		};
/* End XCConfigurationList section */
	};
	rootObject = 550DCDC52CB73F9900F86C1C /* Project object */;
}
